
Microsoft Visual Studio Solution File, Format Version 12.00
# Visual Studio Version 16
VisualStudioVersion = 16.0.29424.173
MinimumVisualStudioVersion = 10.0.40219.1
Project("{FAE04EC0-301F-11D3-BF4B-00C04F79EFBC}") = "Laba1", "Laba1\Laba1.csproj", "{3C682E74-226B-47FB-8928-480120A20CFE}"
EndProject
Project("{FAE04EC0-301F-11D3-BF4B-00C04F79EFBC}") = "Laba2", "Laba2\Laba2.csproj", "{AC6F3C91-46E3-4FD6-B634-71A95A8DE0CF}"
EndProject
Project("{FAE04EC0-301F-11D3-BF4B-00C04F79EFBC}") = "Laba3", "Laba3\Laba3.csproj", "{38501C7C-65EF-4197-9B6E-0E8220CBB7EA}"
EndProject
Global
	GlobalSection(SolutionConfigurationPlatforms) = preSolution
		Debug|Any CPU = Debug|Any CPU
		Release|Any CPU = Release|Any CPU
	EndGlobalSection
	GlobalSection(ProjectConfigurationPlatforms) = postSolution
		{3C682E74-226B-47FB-8928-480120A20CFE}.Debug|Any CPU.ActiveCfg = Debug|Any CPU
		{3C682E74-226B-47FB-8928-480120A20CFE}.Debug|Any CPU.Build.0 = Debug|Any CPU
		{3C682E74-226B-47FB-8928-480120A20CFE}.Release|Any CPU.ActiveCfg = Release|Any CPU
		{3C682E74-226B-47FB-8928-480120A20CFE}.Release|Any CPU.Build.0 = Release|Any CPU
		{AC6F3C91-46E3-4FD6-B634-71A95A8DE0CF}.Debug|Any CPU.ActiveCfg = Debug|Any CPU
		{AC6F3C91-46E3-4FD6-B634-71A95A8DE0CF}.Debug|Any CPU.Build.0 = Debug|Any CPU
		{AC6F3C91-46E3-4FD6-B634-71A95A8DE0CF}.Release|Any CPU.ActiveCfg = Release|Any CPU
		{AC6F3C91-46E3-4FD6-B634-71A95A8DE0CF}.Release|Any CPU.Build.0 = Release|Any CPU
		{38501C7C-65EF-4197-9B6E-0E8220CBB7EA}.Debug|Any CPU.ActiveCfg = Debug|Any CPU
		{38501C7C-65EF-4197-9B6E-0E8220CBB7EA}.Debug|Any CPU.Build.0 = Debug|Any CPU
		{38501C7C-65EF-4197-9B6E-0E8220CBB7EA}.Release|Any CPU.ActiveCfg = Release|Any CPU
		{38501C7C-65EF-4197-9B6E-0E8220CBB7EA}.Release|Any CPU.Build.0 = Release|Any CPU
	EndGlobalSection
	GlobalSection(SolutionProperties) = preSolution
		HideSolutionNode = FALSE
	EndGlobalSection
	GlobalSection(ExtensibilityGlobals) = postSolution
		SolutionGuid = {06EE8914-7E29-4251-A7FF-4D70E0CDCD8A}
	EndGlobalSection
EndGlobal
